
Microsoft Visual Studio Solution File, Format Version 12.00
# Visual Studio Version 17
VisualStudioVersion = 17.7.34018.315
MinimumVisualStudioVersion = 10.0.40219.1
Project("{FAE04EC0-301F-11D3-BF4B-00C04F79EFBC}") = "ConsoleApp2", "ConsoleApp2\ConsoleApp2.csproj", "{DF0241BA-334C-4794-B413-B17F859EA23C}"
EndProject
Project("{9A19103F-16F7-4668-BE54-9A1E7A4F7556}") = "ConsoleApp1", "..\LogicadeProgramacao\ConsoleApp1\ConsoleApp1\ConsoleApp1.csproj", "{017BB1AD-F820-4957-8756-EF7F9ED1855B}"
EndProject
Global
	GlobalSection(SolutionConfigurationPlatforms) = preSolution
		Debug|Any CPU = Debug|Any CPU
		Release|Any CPU = Release|Any CPU
	EndGlobalSection
	GlobalSection(ProjectConfigurationPlatforms) = postSolution
		{DF0241BA-334C-4794-B413-B17F859EA23C}.Debug|Any CPU.ActiveCfg = Debug|Any CPU
		{DF0241BA-334C-4794-B413-B17F859EA23C}.Debug|Any CPU.Build.0 = Debug|Any CPU
		{DF0241BA-334C-4794-B413-B17F859EA23C}.Release|Any CPU.ActiveCfg = Release|Any CPU
		{DF0241BA-334C-4794-B413-B17F859EA23C}.Release|Any CPU.Build.0 = Release|Any CPU
		{017BB1AD-F820-4957-8756-EF7F9ED1855B}.Debug|Any CPU.ActiveCfg = Debug|Any CPU
		{017BB1AD-F820-4957-8756-EF7F9ED1855B}.Debug|Any CPU.Build.0 = Debug|Any CPU
		{017BB1AD-F820-4957-8756-EF7F9ED1855B}.Release|Any CPU.ActiveCfg = Release|Any CPU
		{017BB1AD-F820-4957-8756-EF7F9ED1855B}.Release|Any CPU.Build.0 = Release|Any CPU
	EndGlobalSection
	GlobalSection(SolutionProperties) = preSolution
		HideSolutionNode = FALSE
	EndGlobalSection
	GlobalSection(ExtensibilityGlobals) = postSolution
		SolutionGuid = {BEE3D20C-D709-487F-88E0-B388BF3D2938}
	EndGlobalSection
EndGlobal
